
Microsoft Visual Studio Solution File, Format Version 12.00
# Visual Studio Version 17
VisualStudioVersion = 17.14.37111.16 d17.14
MinimumVisualStudioVersion = 10.0.40219.1
Project("{D2ABAB84-BF74-430A-B69E-9DC6D40DDA17}") = "LAPDCrimeCube", "LAPDCrimeCube.dwproj", "{5F798583-F2C6-1208-B737-CC976490EE93}"
EndProject
Global
	GlobalSection(SolutionConfigurationPlatforms) = preSolution
		Development|Default = Development|Default
	EndGlobalSection
	GlobalSection(ProjectConfigurationPlatforms) = postSolution
		{5F798583-F2C6-1208-B737-CC976490EE93}.Development|Default.ActiveCfg = Development
		{5F798583-F2C6-1208-B737-CC976490EE93}.Development|Default.Build.0 = Development
		{5F798583-F2C6-1208-B737-CC976490EE93}.Development|Default.Deploy.0 = Development
	EndGlobalSection
	GlobalSection(SolutionProperties) = preSolution
		HideSolutionNode = FALSE
	EndGlobalSection
	GlobalSection(ExtensibilityGlobals) = postSolution
		SolutionGuid = {7C21177F-C261-4439-B4C1-B4C55580583E}
	EndGlobalSection
EndGlobal
